{
  "version": 4,
  "terraform_version": "1.1.5",
  "serial": 6,
  "lineage": "6947af62-9c18-f05f-0422-72191e81cfe5",
  "outputs": {},
  "resources": [
    {
      "mode": "managed",
      "type": "azurerm_app_service",
      "name": "glpi_demo_app",
      "provider": "provider[\"registry.terraform.io/hashicorp/azurerm\"]",
      "instances": [
        {
          "schema_version": 0,
          "attributes": {
            "app_service_plan_id": "/subscriptions/68c7cff5-22fa-4233-900c-6e3cc36447fb/resourceGroups/rg_glpi_demo/providers/Microsoft.Web/serverfarms/plan-glpi-demo-001",
            "app_settings": {},
            "auth_settings": [
              {
                "active_directory": [],
                "additional_login_params": {},
                "allowed_external_redirect_urls": [],
                "default_provider": "",
                "enabled": false,
                "facebook": [],
                "google": [],
                "issuer": "",
                "microsoft": [],
                "runtime_version": "",
                "token_refresh_extension_hours": 0,
                "token_store_enabled": false,
                "twitter": [],
                "unauthenticated_client_action": ""
              }
            ],
            "backup": [],
            "client_affinity_enabled": false,
            "client_cert_enabled": false,
            "client_cert_mode": "Required",
            "connection_string": [],
            "custom_domain_verification_id": "21E2E73420C9D89CB90ADEFC2192A9EDA9658C3A6E0F97991DA94B77E8AEC6F2",
            "default_site_hostname": "app-glpi-demo-001.azurewebsites.net",
            "enabled": true,
            "https_only": true,
            "id": "/subscriptions/68c7cff5-22fa-4233-900c-6e3cc36447fb/resourceGroups/rg_glpi_demo/providers/Microsoft.Web/sites/app-glpi-demo-001",
            "identity": [],
            "key_vault_reference_identity_id": "SystemAssigned",
            "location": "westeurope",
            "logs": [
              {
                "application_logs": [
                  {
                    "azure_blob_storage": [],
                    "file_system_level": "Off"
                  }
                ],
                "detailed_error_messages_enabled": false,
                "failed_request_tracing_enabled": false,
                "http_logs": [
                  {
                    "azure_blob_storage": [],
                    "file_system": []
                  }
                ]
              }
            ],
            "name": "app-glpi-demo-001",
            "outbound_ip_address_list": [
              "20.76.239.188",
              "20.76.239.198",
              "20.76.239.209",
              "20.86.248.29",
              "20.86.248.131",
              "20.86.248.192",
              "20.50.2.57"
            ],
            "outbound_ip_addresses": "20.76.239.188,20.76.239.198,20.76.239.209,20.86.248.29,20.86.248.131,20.86.248.192,20.50.2.57",
            "possible_outbound_ip_address_list": [
              "20.76.239.188",
              "20.76.239.198",
              "20.76.239.209",
              "20.86.248.29",
              "20.86.248.131",
              "20.86.248.192",
              "20.86.248.200",
              "20.86.249.144",
              "20.86.249.244",
              "20.86.250.47",
              "20.76.236.201",
              "20.86.250.68",
              "20.76.238.132",
              "20.76.237.48",
              "20.86.250.91",
              "20.86.250.174",
              "20.86.250.192",
              "20.86.250.199",
              "20.101.1.95",
              "20.101.7.32",
              "20.101.7.36",
              "20.101.7.62",
              "20.101.7.211",
              "20.101.7.213",
              "20.50.2.57"
            ],
            "possible_outbound_ip_addresses": "20.76.239.188,20.76.239.198,20.76.239.209,20.86.248.29,20.86.248.131,20.86.248.192,20.86.248.200,20.86.249.144,20.86.249.244,20.86.250.47,20.76.236.201,20.86.250.68,20.76.238.132,20.76.237.48,20.86.250.91,20.86.250.174,20.86.250.192,20.86.250.199,20.101.1.95,20.101.7.32,20.101.7.36,20.101.7.62,20.101.7.211,20.101.7.213,20.50.2.57",
            "resource_group_name": "rg_glpi_demo",
            "site_config": [
              {
                "acr_use_managed_identity_credentials": false,
                "acr_user_managed_identity_client_id": "",
                "always_on": false,
                "app_command_line": "",
                "auto_swap_slot_name": "",
                "cors": [],
                "default_documents": [
                  "Default.htm",
                  "Default.html",
                  "Default.asp",
                  "index.htm",
                  "index.html",
                  "iisstart.htm",
                  "default.aspx",
                  "index.php",
                  "hostingstart.html"
                ],
                "dotnet_framework_version": "v4.0",
                "ftps_state": "AllAllowed",
                "health_check_path": "",
                "http2_enabled": false,
                "ip_restriction": [],
                "java_container": "",
                "java_container_version": "",
                "java_version": "",
                "linux_fx_version": "",
                "local_mysql_enabled": false,
                "managed_pipeline_mode": "Integrated",
                "min_tls_version": "1.2",
                "number_of_workers": 1,
                "php_version": "",
                "python_version": "",
                "remote_debugging_enabled": false,
                "remote_debugging_version": "",
                "scm_ip_restriction": [],
                "scm_type": "None",
                "scm_use_main_ip_restriction": false,
                "use_32_bit_worker_process": true,
                "vnet_route_all_enabled": false,
                "websockets_enabled": false,
                "windows_fx_version": ""
              }
            ],
            "site_credential": [
              {
                "password": "3ugGA8p7Tl3el4EqBwraYvzxndmGX5pym2ww5WJeGmcbbX0M850x7qigS9MF",
                "username": "$app-glpi-demo-001"
              }
            ],
            "source_control": [
              {
                "branch": "master",
                "manual_integration": false,
                "repo_url": "",
                "rollback_enabled": false,
                "use_mercurial": false
              }
            ],
            "storage_account": [],
            "tags": null,
            "timeouts": null
          },
          "sensitive_attributes": [],
          "private": "eyJlMmJmYjczMC1lY2FhLTExZTYtOGY4OC0zNDM2M2JjN2M0YzAiOnsiY3JlYXRlIjoxODAwMDAwMDAwMDAwLCJkZWxldGUiOjE4MDAwMDAwMDAwMDAsInJlYWQiOjMwMDAwMDAwMDAwMCwidXBkYXRlIjoxODAwMDAwMDAwMDAwfX0=",
          "dependencies": [
            "azurerm_app_service_plan.glpi_demo_app_plan",
            "azurerm_resource_group.glpi_demo_rg"
          ]
        }
      ]
    },
    {
      "mode": "managed",
      "type": "azurerm_app_service_plan",
      "name": "glpi_demo_app_plan",
      "provider": "provider[\"registry.terraform.io/hashicorp/azurerm\"]",
      "instances": [
        {
          "schema_version": 0,
          "attributes": {
            "app_service_environment_id": "",
            "id": "/subscriptions/68c7cff5-22fa-4233-900c-6e3cc36447fb/resourceGroups/rg_glpi_demo/providers/Microsoft.Web/serverfarms/plan-glpi-demo-001",
            "is_xenon": false,
            "kind": "linux",
            "location": "westeurope",
            "maximum_elastic_worker_count": 1,
            "maximum_number_of_workers": 3,
            "name": "plan-glpi-demo-001",
            "per_site_scaling": false,
            "reserved": true,
            "resource_group_name": "rg_glpi_demo",
            "sku": [
              {
                "capacity": 1,
                "size": "B1",
                "tier": "Basic"
              }
            ],
            "tags": {
              "environment": "demo",
              "projet": "glpi"
            },
            "timeouts": null,
            "zone_redundant": false
          },
          "sensitive_attributes": [],
          "private": "eyJlMmJmYjczMC1lY2FhLTExZTYtOGY4OC0zNDM2M2JjN2M0YzAiOnsiY3JlYXRlIjozNjAwMDAwMDAwMDAwLCJkZWxldGUiOjM2MDAwMDAwMDAwMDAsInJlYWQiOjMwMDAwMDAwMDAwMCwidXBkYXRlIjozNjAwMDAwMDAwMDAwfX0=",
          "dependencies": [
            "azurerm_resource_group.glpi_demo_rg"
          ]
        }
      ]
    },
    {
      "mode": "managed",
      "type": "azurerm_mysql_flexible_server",
      "name": "glpi_demo_db_server",
      "provider": "provider[\"registry.terraform.io/hashicorp/azurerm\"]",
      "instances": [
        {
          "schema_version": 0,
          "attributes": {
            "administrator_login": "mysqladminun",
            "administrator_password": "M@dm1n?22",
            "backup_retention_days": 7,
            "create_mode": null,
            "delegated_subnet_id": "",
            "fqdn": "mysql-glpi-demo-001.mysql.database.azure.com",
            "geo_redundant_backup_enabled": false,
            "high_availability": [],
            "id": "/subscriptions/68c7cff5-22fa-4233-900c-6e3cc36447fb/resourceGroups/rg_glpi_demo/providers/Microsoft.DBforMySQL/flexibleServers/mysql-glpi-demo-001",
            "location": "westeurope",
            "maintenance_window": [],
            "name": "mysql-glpi-demo-001",
            "point_in_time_restore_time_in_utc": null,
            "private_dns_zone_id": "",
            "public_network_access_enabled": true,
            "replica_capacity": 10,
            "replication_role": "None",
            "resource_group_name": "rg_glpi_demo",
            "sku_name": "B_Standard_B1ms",
            "source_server_id": null,
            "storage": [
              {
                "auto_grow_enabled": true,
                "iops": 0,
                "size_gb": 20
              }
            ],
            "tags": {
              "environment": "demo",
              "projet": "glpi"
            },
            "timeouts": null,
            "version": "5.7",
            "zone": "1"
          },
          "sensitive_attributes": [],
          "private": "eyJlMmJmYjczMC1lY2FhLTExZTYtOGY4OC0zNDM2M2JjN2M0YzAiOnsiY3JlYXRlIjozNjAwMDAwMDAwMDAwLCJkZWxldGUiOjM2MDAwMDAwMDAwMDAsInJlYWQiOjMwMDAwMDAwMDAwMCwidXBkYXRlIjozNjAwMDAwMDAwMDAwfX0=",
          "dependencies": [
            "azurerm_resource_group.glpi_demo_rg"
          ]
        }
      ]
    },
    {
      "mode": "managed",
      "type": "azurerm_resource_group",
      "name": "glpi_demo_rg",
      "provider": "provider[\"registry.terraform.io/hashicorp/azurerm\"]",
      "instances": [
        {
          "schema_version": 0,
          "attributes": {
            "id": "/subscriptions/68c7cff5-22fa-4233-900c-6e3cc36447fb/resourceGroups/rg_glpi_demo",
            "location": "westeurope",
            "name": "rg_glpi_demo",
            "tags": {
              "environment": "demo",
              "projet": "glpi"
            },
            "timeouts": null
          },
          "sensitive_attributes": [],
          "private": "eyJlMmJmYjczMC1lY2FhLTExZTYtOGY4OC0zNDM2M2JjN2M0YzAiOnsiY3JlYXRlIjo1NDAwMDAwMDAwMDAwLCJkZWxldGUiOjU0MDAwMDAwMDAwMDAsInJlYWQiOjMwMDAwMDAwMDAwMCwidXBkYXRlIjo1NDAwMDAwMDAwMDAwfX0="
        }
      ]
    }
  ]
}
